
Microsoft Visual Studio Solution File, Format Version 12.00
# Visual Studio 2013
VisualStudioVersion = 12.0.31101.0
MinimumVisualStudioVersion = 10.0.40219.1
Project("{FAE04EC0-301F-11D3-BF4B-00C04F79EFBC}") = "Allors.Databases.Memory", "Allors.Databases.Memory\Allors.Databases.Memory.csproj", "{233622FF-5493-4981-9529-4337D84C8312}"
EndProject
Project("{FAE04EC0-301F-11D3-BF4B-00C04F79EFBC}") = "Allors", "..\Framework\Allors\Allors.csproj", "{84495B8E-1800-41C9-A236-ABE6265A23A3}"
EndProject
Project("{FAE04EC0-301F-11D3-BF4B-00C04F79EFBC}") = "Allors.Databases.Object.SqlClient", "Allors.Databases.Object.SqlClient\Allors.Databases.Object.SqlClient.csproj", "{489D90A9-B63E-4983-86CC-2A061D8F6055}"
EndProject
Project("{FAE04EC0-301F-11D3-BF4B-00C04F79EFBC}") = "Allors.Databases.Relation.SqlClient", "Allors.Databases.Relation.SqlClient\Allors.Databases.Relation.SqlClient.csproj", "{91356B87-6321-45C3-88CC-D3DEAE2DC16C}"
EndProject
Project("{FAE04EC0-301F-11D3-BF4B-00C04F79EFBC}") = "Allors.Databases.Relation.SQLite", "Allors.Databases.Relation.SQLite\Allors.Databases.Relation.SQLite.csproj", "{EC88FF02-135B-459D-B53E-5FAD2DBEAF2E}"
EndProject
Project("{FAE04EC0-301F-11D3-BF4B-00C04F79EFBC}") = "Allors.Workspaces.Memory", "Allors.Workspaces.Memory\Allors.Workspaces.Memory.csproj", "{D09DAF58-D524-40C2-887C-EADBF5609794}"
EndProject
Project("{FAE04EC0-301F-11D3-BF4B-00C04F79EFBC}") = "Console", "Console\Console.csproj", "{064AF0AE-8B29-4C35-9DEA-06C0F6935E4C}"
EndProject
Project("{FAE04EC0-301F-11D3-BF4B-00C04F79EFBC}") = "Meta", "Meta\Meta.csproj", "{9E9D6BDD-1674-4F0F-B01D-2148B0114D68}"
EndProject
Project("{FAE04EC0-301F-11D3-BF4B-00C04F79EFBC}") = "Domain", "Domain\Domain.csproj", "{50ED5307-33E3-4FDA-8268-D844B77981C8}"
EndProject
Project("{FAE04EC0-301F-11D3-BF4B-00C04F79EFBC}") = "Tests", "Tests\Tests.csproj", "{40B98450-DA22-4871-AFF9-E1EA5ED7119A}"
EndProject
Global
	GlobalSection(SolutionConfigurationPlatforms) = preSolution
		Debug|Any CPU = Debug|Any CPU
		Release|Any CPU = Release|Any CPU
	EndGlobalSection
	GlobalSection(ProjectConfigurationPlatforms) = postSolution
		{233622FF-5493-4981-9529-4337D84C8312}.Debug|Any CPU.ActiveCfg = Debug|Any CPU
		{233622FF-5493-4981-9529-4337D84C8312}.Debug|Any CPU.Build.0 = Debug|Any CPU
		{233622FF-5493-4981-9529-4337D84C8312}.Release|Any CPU.ActiveCfg = Release|Any CPU
		{233622FF-5493-4981-9529-4337D84C8312}.Release|Any CPU.Build.0 = Release|Any CPU
		{84495B8E-1800-41C9-A236-ABE6265A23A3}.Debug|Any CPU.ActiveCfg = Debug|Any CPU
		{84495B8E-1800-41C9-A236-ABE6265A23A3}.Debug|Any CPU.Build.0 = Debug|Any CPU
		{84495B8E-1800-41C9-A236-ABE6265A23A3}.Release|Any CPU.ActiveCfg = Release|Any CPU
		{84495B8E-1800-41C9-A236-ABE6265A23A3}.Release|Any CPU.Build.0 = Release|Any CPU
		{489D90A9-B63E-4983-86CC-2A061D8F6055}.Debug|Any CPU.ActiveCfg = Debug|Any CPU
		{489D90A9-B63E-4983-86CC-2A061D8F6055}.Debug|Any CPU.Build.0 = Debug|Any CPU
		{489D90A9-B63E-4983-86CC-2A061D8F6055}.Release|Any CPU.ActiveCfg = Release|Any CPU
		{489D90A9-B63E-4983-86CC-2A061D8F6055}.Release|Any CPU.Build.0 = Release|Any CPU
		{91356B87-6321-45C3-88CC-D3DEAE2DC16C}.Debug|Any CPU.ActiveCfg = Debug|Any CPU
		{91356B87-6321-45C3-88CC-D3DEAE2DC16C}.Debug|Any CPU.Build.0 = Debug|Any CPU
		{91356B87-6321-45C3-88CC-D3DEAE2DC16C}.Release|Any CPU.ActiveCfg = Release|Any CPU
		{91356B87-6321-45C3-88CC-D3DEAE2DC16C}.Release|Any CPU.Build.0 = Release|Any CPU
		{EC88FF02-135B-459D-B53E-5FAD2DBEAF2E}.Debug|Any CPU.ActiveCfg = Debug|Any CPU
		{EC88FF02-135B-459D-B53E-5FAD2DBEAF2E}.Debug|Any CPU.Build.0 = Debug|Any CPU
		{EC88FF02-135B-459D-B53E-5FAD2DBEAF2E}.Release|Any CPU.ActiveCfg = Release|Any CPU
		{EC88FF02-135B-459D-B53E-5FAD2DBEAF2E}.Release|Any CPU.Build.0 = Release|Any CPU
		{D09DAF58-D524-40C2-887C-EADBF5609794}.Debug|Any CPU.ActiveCfg = Debug|Any CPU
		{D09DAF58-D524-40C2-887C-EADBF5609794}.Debug|Any CPU.Build.0 = Debug|Any CPU
		{D09DAF58-D524-40C2-887C-EADBF5609794}.Release|Any CPU.ActiveCfg = Release|Any CPU
		{D09DAF58-D524-40C2-887C-EADBF5609794}.Release|Any CPU.Build.0 = Release|Any CPU
		{064AF0AE-8B29-4C35-9DEA-06C0F6935E4C}.Debug|Any CPU.ActiveCfg = Debug|Any CPU
		{064AF0AE-8B29-4C35-9DEA-06C0F6935E4C}.Debug|Any CPU.Build.0 = Debug|Any CPU
		{064AF0AE-8B29-4C35-9DEA-06C0F6935E4C}.Release|Any CPU.ActiveCfg = Release|Any CPU
		{064AF0AE-8B29-4C35-9DEA-06C0F6935E4C}.Release|Any CPU.Build.0 = Release|Any CPU
		{9E9D6BDD-1674-4F0F-B01D-2148B0114D68}.Debug|Any CPU.ActiveCfg = Debug|Any CPU
		{9E9D6BDD-1674-4F0F-B01D-2148B0114D68}.Debug|Any CPU.Build.0 = Debug|Any CPU
		{9E9D6BDD-1674-4F0F-B01D-2148B0114D68}.Release|Any CPU.ActiveCfg = Release|Any CPU
		{9E9D6BDD-1674-4F0F-B01D-2148B0114D68}.Release|Any CPU.Build.0 = Release|Any CPU
		{50ED5307-33E3-4FDA-8268-D844B77981C8}.Debug|Any CPU.ActiveCfg = Debug|Any CPU
		{50ED5307-33E3-4FDA-8268-D844B77981C8}.Debug|Any CPU.Build.0 = Debug|Any CPU
		{50ED5307-33E3-4FDA-8268-D844B77981C8}.Release|Any CPU.ActiveCfg = Release|Any CPU
		{50ED5307-33E3-4FDA-8268-D844B77981C8}.Release|Any CPU.Build.0 = Release|Any CPU
		{40B98450-DA22-4871-AFF9-E1EA5ED7119A}.Debug|Any CPU.ActiveCfg = Debug|Any CPU
		{40B98450-DA22-4871-AFF9-E1EA5ED7119A}.Debug|Any CPU.Build.0 = Debug|Any CPU
		{40B98450-DA22-4871-AFF9-E1EA5ED7119A}.Release|Any CPU.ActiveCfg = Release|Any CPU
		{40B98450-DA22-4871-AFF9-E1EA5ED7119A}.Release|Any CPU.Build.0 = Release|Any CPU
	EndGlobalSection
	GlobalSection(SolutionProperties) = preSolution
		HideSolutionNode = FALSE
	EndGlobalSection
EndGlobal
